
Microsoft Visual Studio Solution File, Format Version 12.00
# Visual Studio Version 16
VisualStudioVersion = 16.0.29215.179
MinimumVisualStudioVersion = 10.0.40219.1
Project("{9A19103F-16F7-4668-BE54-9A1E7A4F7556}") = "AirBallFantasyLeague.Model", "AirBallFantasyLeague.Model\AirBallFantasyLeague.Model.csproj", "{DF3AEFDB-55FB-4F0E-A824-56F6EE0DF54F}"
EndProject
Project("{9A19103F-16F7-4668-BE54-9A1E7A4F7556}") = "AirBallFantasyLeague.EntityFramework", "AirBallFantasyLeague.EntityFramework\AirBallFantasyLeague.EntityFramework.csproj", "{B1B67387-DFE9-4117-B6D8-75555F1187CE}"
EndProject
Project("{9A19103F-16F7-4668-BE54-9A1E7A4F7556}") = "AirBallFantasyLeague.WebApp", "AirBallFantasyLeague.WebApp\AirBallFantasyLeague.WebApp.csproj", "{5AE3E5C9-FE1B-4F50-AAAD-475E14DF9B84}"
EndProject
Project("{9A19103F-16F7-4668-BE54-9A1E7A4F7556}") = "AirballFantasyLeague.DataAccess", "AirballFantasyLeague.Data\AirballFantasyLeague.DataAccess.csproj", "{4470EEC6-9FC7-4356-A2FC-96603995A3DE}"
EndProject
Project("{9A19103F-16F7-4668-BE54-9A1E7A4F7556}") = "AirballFantasyLeague.InversionOfControl", "AirballFantasyLeague.InversorOfControl\AirballFantasyLeague.InversionOfControl.csproj", "{71DE2598-7FA8-4F80-B253-1A9A367B9E38}"
EndProject
Project("{9A19103F-16F7-4668-BE54-9A1E7A4F7556}") = "AirballFantasyLeague.Tests", "AirballFantasyLeague.Tests\AirballFantasyLeague.Tests.csproj", "{9D059A46-7177-4E20-BB5D-E74A0E1A341A}"
	ProjectSection(ProjectDependencies) = postProject
		{B1B67387-DFE9-4117-B6D8-75555F1187CE} = {B1B67387-DFE9-4117-B6D8-75555F1187CE}
		{71DE2598-7FA8-4F80-B253-1A9A367B9E38} = {71DE2598-7FA8-4F80-B253-1A9A367B9E38}
		{4470EEC6-9FC7-4356-A2FC-96603995A3DE} = {4470EEC6-9FC7-4356-A2FC-96603995A3DE}
		{DF3AEFDB-55FB-4F0E-A824-56F6EE0DF54F} = {DF3AEFDB-55FB-4F0E-A824-56F6EE0DF54F}
	EndProjectSection
EndProject
Global
	GlobalSection(SolutionConfigurationPlatforms) = preSolution
		Debug|Any CPU = Debug|Any CPU
		Release|Any CPU = Release|Any CPU
	EndGlobalSection
	GlobalSection(ProjectConfigurationPlatforms) = postSolution
		{DF3AEFDB-55FB-4F0E-A824-56F6EE0DF54F}.Debug|Any CPU.ActiveCfg = Debug|Any CPU
		{DF3AEFDB-55FB-4F0E-A824-56F6EE0DF54F}.Debug|Any CPU.Build.0 = Debug|Any CPU
		{DF3AEFDB-55FB-4F0E-A824-56F6EE0DF54F}.Release|Any CPU.ActiveCfg = Release|Any CPU
		{DF3AEFDB-55FB-4F0E-A824-56F6EE0DF54F}.Release|Any CPU.Build.0 = Release|Any CPU
		{B1B67387-DFE9-4117-B6D8-75555F1187CE}.Debug|Any CPU.ActiveCfg = Debug|Any CPU
		{B1B67387-DFE9-4117-B6D8-75555F1187CE}.Debug|Any CPU.Build.0 = Debug|Any CPU
		{B1B67387-DFE9-4117-B6D8-75555F1187CE}.Release|Any CPU.ActiveCfg = Release|Any CPU
		{B1B67387-DFE9-4117-B6D8-75555F1187CE}.Release|Any CPU.Build.0 = Release|Any CPU
		{5AE3E5C9-FE1B-4F50-AAAD-475E14DF9B84}.Debug|Any CPU.ActiveCfg = Debug|Any CPU
		{5AE3E5C9-FE1B-4F50-AAAD-475E14DF9B84}.Debug|Any CPU.Build.0 = Debug|Any CPU
		{5AE3E5C9-FE1B-4F50-AAAD-475E14DF9B84}.Release|Any CPU.ActiveCfg = Release|Any CPU
		{5AE3E5C9-FE1B-4F50-AAAD-475E14DF9B84}.Release|Any CPU.Build.0 = Release|Any CPU
		{4470EEC6-9FC7-4356-A2FC-96603995A3DE}.Debug|Any CPU.ActiveCfg = Debug|Any CPU
		{4470EEC6-9FC7-4356-A2FC-96603995A3DE}.Debug|Any CPU.Build.0 = Debug|Any CPU
		{4470EEC6-9FC7-4356-A2FC-96603995A3DE}.Release|Any CPU.ActiveCfg = Release|Any CPU
		{4470EEC6-9FC7-4356-A2FC-96603995A3DE}.Release|Any CPU.Build.0 = Release|Any CPU
		{71DE2598-7FA8-4F80-B253-1A9A367B9E38}.Debug|Any CPU.ActiveCfg = Debug|Any CPU
		{71DE2598-7FA8-4F80-B253-1A9A367B9E38}.Debug|Any CPU.Build.0 = Debug|Any CPU
		{71DE2598-7FA8-4F80-B253-1A9A367B9E38}.Release|Any CPU.ActiveCfg = Release|Any CPU
		{71DE2598-7FA8-4F80-B253-1A9A367B9E38}.Release|Any CPU.Build.0 = Release|Any CPU
		{9D059A46-7177-4E20-BB5D-E74A0E1A341A}.Debug|Any CPU.ActiveCfg = Debug|Any CPU
		{9D059A46-7177-4E20-BB5D-E74A0E1A341A}.Debug|Any CPU.Build.0 = Debug|Any CPU
		{9D059A46-7177-4E20-BB5D-E74A0E1A341A}.Release|Any CPU.ActiveCfg = Release|Any CPU
		{9D059A46-7177-4E20-BB5D-E74A0E1A341A}.Release|Any CPU.Build.0 = Release|Any CPU
	EndGlobalSection
	GlobalSection(SolutionProperties) = preSolution
		HideSolutionNode = FALSE
	EndGlobalSection
	GlobalSection(ExtensibilityGlobals) = postSolution
		SolutionGuid = {B6A18410-DCAD-4B01-9757-DA2A0B78A71F}
	EndGlobalSection
EndGlobal
